
Microsoft Visual Studio Solution File, Format Version 12.00
# Visual Studio Version 17
VisualStudioVersion = 17.0.31903.59
MinimumVisualStudioVersion = 10.0.40219.1
Project("{FAE04EC0-301F-11D3-BF4B-00C04F79EFBC}") = "SampleShop.Core", "SampleShop.Core\SampleShop.Core.csproj", "{10789115-1E6E-489A-913A-69217F9B52E2}"
EndProject
Project("{FAE04EC0-301F-11D3-BF4B-00C04F79EFBC}") = "SampleShop.Api.Catalog", "SampleShop.Api.Catalog\SampleShop.Api.Catalog.csproj", "{32A6BE18-4341-4323-ADCB-1BD445608921}"
EndProject
Project("{FAE04EC0-301F-11D3-BF4B-00C04F79EFBC}") = "SampleShop.Api.Cart", "SampleShop.Api.Cart\SampleShop.Api.Cart.csproj", "{4A25523D-0B9F-4B7A-B70B-DDEA32C1A3D4}"
EndProject
Project("{FAE04EC0-301F-11D3-BF4B-00C04F79EFBC}") = "SampleShop.Api.Identity", "SampleShop.Api.Identity\SampleShop.Api.Identity.csproj", "{DADE94D1-1D73-4D43-A5C5-B02098D260A8}"
EndProject
Project("{FAE04EC0-301F-11D3-BF4B-00C04F79EFBC}") = "SampleShop.Ui.Pages", "SampleShop.Ui.Pages\SampleShop.Ui.Pages.csproj", "{EB1B0E4A-7683-4844-96D2-3313B262A3EE}"
EndProject
Project("{FAE04EC0-301F-11D3-BF4B-00C04F79EFBC}") = "SampleShop.Tests.Api", "SampleShop.Tests.Api\SampleShop.Tests.Api.csproj", "{1CFB9A08-6A2C-4FD4-8404-CFC523F3EC10}"
EndProject
Project("{FAE04EC0-301F-11D3-BF4B-00C04F79EFBC}") = "SampleShop.Tests.Ui", "SampleShop.Tests.Ui\SampleShop.Tests.Ui.csproj", "{FAC898D1-D0DC-42AE-99F8-C8113EFEEB72}"
EndProject
Project("{FAE04EC0-301F-11D3-BF4B-00C04F79EFBC}") = "SampleShop.Tests.E2E", "SampleShop.Tests.E2E\SampleShop.Tests.E2E.csproj", "{9DC51A6B-4D12-44F5-8CE9-51ECD69E2218}"
EndProject
Global
	GlobalSection(SolutionConfigurationPlatforms) = preSolution
		Debug|Any CPU = Debug|Any CPU
		Debug|x64 = Debug|x64
		Debug|x86 = Debug|x86
		Release|Any CPU = Release|Any CPU
		Release|x64 = Release|x64
		Release|x86 = Release|x86
	EndGlobalSection
	GlobalSection(ProjectConfigurationPlatforms) = postSolution
		{10789115-1E6E-489A-913A-69217F9B52E2}.Debug|Any CPU.ActiveCfg = Debug|Any CPU
		{10789115-1E6E-489A-913A-69217F9B52E2}.Debug|Any CPU.Build.0 = Debug|Any CPU
		{10789115-1E6E-489A-913A-69217F9B52E2}.Debug|x64.ActiveCfg = Debug|Any CPU
		{10789115-1E6E-489A-913A-69217F9B52E2}.Debug|x64.Build.0 = Debug|Any CPU
		{10789115-1E6E-489A-913A-69217F9B52E2}.Debug|x86.ActiveCfg = Debug|Any CPU
		{10789115-1E6E-489A-913A-69217F9B52E2}.Debug|x86.Build.0 = Debug|Any CPU
		{10789115-1E6E-489A-913A-69217F9B52E2}.Release|Any CPU.ActiveCfg = Release|Any CPU
		{10789115-1E6E-489A-913A-69217F9B52E2}.Release|Any CPU.Build.0 = Release|Any CPU
		{10789115-1E6E-489A-913A-69217F9B52E2}.Release|x64.ActiveCfg = Release|Any CPU
		{10789115-1E6E-489A-913A-69217F9B52E2}.Release|x64.Build.0 = Release|Any CPU
		{10789115-1E6E-489A-913A-69217F9B52E2}.Release|x86.ActiveCfg = Release|Any CPU
		{10789115-1E6E-489A-913A-69217F9B52E2}.Release|x86.Build.0 = Release|Any CPU
		{32A6BE18-4341-4323-ADCB-1BD445608921}.Debug|Any CPU.ActiveCfg = Debug|Any CPU
		{32A6BE18-4341-4323-ADCB-1BD445608921}.Debug|Any CPU.Build.0 = Debug|Any CPU
		{32A6BE18-4341-4323-ADCB-1BD445608921}.Debug|x64.ActiveCfg = Debug|Any CPU
		{32A6BE18-4341-4323-ADCB-1BD445608921}.Debug|x64.Build.0 = Debug|Any CPU
		{32A6BE18-4341-4323-ADCB-1BD445608921}.Debug|x86.ActiveCfg = Debug|Any CPU
		{32A6BE18-4341-4323-ADCB-1BD445608921}.Debug|x86.Build.0 = Debug|Any CPU
		{32A6BE18-4341-4323-ADCB-1BD445608921}.Release|Any CPU.ActiveCfg = Release|Any CPU
		{32A6BE18-4341-4323-ADCB-1BD445608921}.Release|Any CPU.Build.0 = Release|Any CPU
		{32A6BE18-4341-4323-ADCB-1BD445608921}.Release|x64.ActiveCfg = Release|Any CPU
		{32A6BE18-4341-4323-ADCB-1BD445608921}.Release|x64.Build.0 = Release|Any CPU
		{32A6BE18-4341-4323-ADCB-1BD445608921}.Release|x86.ActiveCfg = Release|Any CPU
		{32A6BE18-4341-4323-ADCB-1BD445608921}.Release|x86.Build.0 = Release|Any CPU
		{4A25523D-0B9F-4B7A-B70B-DDEA32C1A3D4}.Debug|Any CPU.ActiveCfg = Debug|Any CPU
		{4A25523D-0B9F-4B7A-B70B-DDEA32C1A3D4}.Debug|Any CPU.Build.0 = Debug|Any CPU
		{4A25523D-0B9F-4B7A-B70B-DDEA32C1A3D4}.Debug|x64.ActiveCfg = Debug|Any CPU
		{4A25523D-0B9F-4B7A-B70B-DDEA32C1A3D4}.Debug|x64.Build.0 = Debug|Any CPU
		{4A25523D-0B9F-4B7A-B70B-DDEA32C1A3D4}.Debug|x86.ActiveCfg = Debug|Any CPU
		{4A25523D-0B9F-4B7A-B70B-DDEA32C1A3D4}.Debug|x86.Build.0 = Debug|Any CPU
		{4A25523D-0B9F-4B7A-B70B-DDEA32C1A3D4}.Release|Any CPU.ActiveCfg = Release|Any CPU
		{4A25523D-0B9F-4B7A-B70B-DDEA32C1A3D4}.Release|Any CPU.Build.0 = Release|Any CPU
		{4A25523D-0B9F-4B7A-B70B-DDEA32C1A3D4}.Release|x64.ActiveCfg = Release|Any CPU
		{4A25523D-0B9F-4B7A-B70B-DDEA32C1A3D4}.Release|x64.Build.0 = Release|Any CPU
		{4A25523D-0B9F-4B7A-B70B-DDEA32C1A3D4}.Release|x86.ActiveCfg = Release|Any CPU
		{4A25523D-0B9F-4B7A-B70B-DDEA32C1A3D4}.Release|x86.Build.0 = Release|Any CPU
		{DADE94D1-1D73-4D43-A5C5-B02098D260A8}.Debug|Any CPU.ActiveCfg = Debug|Any CPU
		{DADE94D1-1D73-4D43-A5C5-B02098D260A8}.Debug|Any CPU.Build.0 = Debug|Any CPU
		{DADE94D1-1D73-4D43-A5C5-B02098D260A8}.Debug|x64.ActiveCfg = Debug|Any CPU
		{DADE94D1-1D73-4D43-A5C5-B02098D260A8}.Debug|x64.Build.0 = Debug|Any CPU
		{DADE94D1-1D73-4D43-A5C5-B02098D260A8}.Debug|x86.ActiveCfg = Debug|Any CPU
		{DADE94D1-1D73-4D43-A5C5-B02098D260A8}.Debug|x86.Build.0 = Debug|Any CPU
		{DADE94D1-1D73-4D43-A5C5-B02098D260A8}.Release|Any CPU.ActiveCfg = Release|Any CPU
		{DADE94D1-1D73-4D43-A5C5-B02098D260A8}.Release|Any CPU.Build.0 = Release|Any CPU
		{DADE94D1-1D73-4D43-A5C5-B02098D260A8}.Release|x64.ActiveCfg = Release|Any CPU
		{DADE94D1-1D73-4D43-A5C5-B02098D260A8}.Release|x64.Build.0 = Release|Any CPU
		{DADE94D1-1D73-4D43-A5C5-B02098D260A8}.Release|x86.ActiveCfg = Release|Any CPU
		{DADE94D1-1D73-4D43-A5C5-B02098D260A8}.Release|x86.Build.0 = Release|Any CPU
		{EB1B0E4A-7683-4844-96D2-3313B262A3EE}.Debug|Any CPU.ActiveCfg = Debug|Any CPU
		{EB1B0E4A-7683-4844-96D2-3313B262A3EE}.Debug|Any CPU.Build.0 = Debug|Any CPU
		{EB1B0E4A-7683-4844-96D2-3313B262A3EE}.Debug|x64.ActiveCfg = Debug|Any CPU
		{EB1B0E4A-7683-4844-96D2-3313B262A3EE}.Debug|x64.Build.0 = Debug|Any CPU
		{EB1B0E4A-7683-4844-96D2-3313B262A3EE}.Debug|x86.ActiveCfg = Debug|Any CPU
		{EB1B0E4A-7683-4844-96D2-3313B262A3EE}.Debug|x86.Build.0 = Debug|Any CPU
		{EB1B0E4A-7683-4844-96D2-3313B262A3EE}.Release|Any CPU.ActiveCfg = Release|Any CPU
		{EB1B0E4A-7683-4844-96D2-3313B262A3EE}.Release|Any CPU.Build.0 = Release|Any CPU
		{EB1B0E4A-7683-4844-96D2-3313B262A3EE}.Release|x64.ActiveCfg = Release|Any CPU
		{EB1B0E4A-7683-4844-96D2-3313B262A3EE}.Release|x64.Build.0 = Release|Any CPU
		{EB1B0E4A-7683-4844-96D2-3313B262A3EE}.Release|x86.ActiveCfg = Release|Any CPU
		{EB1B0E4A-7683-4844-96D2-3313B262A3EE}.Release|x86.Build.0 = Release|Any CPU
		{1CFB9A08-6A2C-4FD4-8404-CFC523F3EC10}.Debug|Any CPU.ActiveCfg = Debug|Any CPU
		{1CFB9A08-6A2C-4FD4-8404-CFC523F3EC10}.Debug|Any CPU.Build.0 = Debug|Any CPU
		{1CFB9A08-6A2C-4FD4-8404-CFC523F3EC10}.Debug|x64.ActiveCfg = Debug|Any CPU
		{1CFB9A08-6A2C-4FD4-8404-CFC523F3EC10}.Debug|x64.Build.0 = Debug|Any CPU
		{1CFB9A08-6A2C-4FD4-8404-CFC523F3EC10}.Debug|x86.ActiveCfg = Debug|Any CPU
		{1CFB9A08-6A2C-4FD4-8404-CFC523F3EC10}.Debug|x86.Build.0 = Debug|Any CPU
		{1CFB9A08-6A2C-4FD4-8404-CFC523F3EC10}.Release|Any CPU.ActiveCfg = Release|Any CPU
		{1CFB9A08-6A2C-4FD4-8404-CFC523F3EC10}.Release|Any CPU.Build.0 = Release|Any CPU
		{1CFB9A08-6A2C-4FD4-8404-CFC523F3EC10}.Release|x64.ActiveCfg = Release|Any CPU
		{1CFB9A08-6A2C-4FD4-8404-CFC523F3EC10}.Release|x64.Build.0 = Release|Any CPU
		{1CFB9A08-6A2C-4FD4-8404-CFC523F3EC10}.Release|x86.ActiveCfg = Release|Any CPU
		{1CFB9A08-6A2C-4FD4-8404-CFC523F3EC10}.Release|x86.Build.0 = Release|Any CPU
		{FAC898D1-D0DC-42AE-99F8-C8113EFEEB72}.Debug|Any CPU.ActiveCfg = Debug|Any CPU
		{FAC898D1-D0DC-42AE-99F8-C8113EFEEB72}.Debug|Any CPU.Build.0 = Debug|Any CPU
		{FAC898D1-D0DC-42AE-99F8-C8113EFEEB72}.Debug|x64.ActiveCfg = Debug|Any CPU
		{FAC898D1-D0DC-42AE-99F8-C8113EFEEB72}.Debug|x64.Build.0 = Debug|Any CPU
		{FAC898D1-D0DC-42AE-99F8-C8113EFEEB72}.Debug|x86.ActiveCfg = Debug|Any CPU
		{FAC898D1-D0DC-42AE-99F8-C8113EFEEB72}.Debug|x86.Build.0 = Debug|Any CPU
		{FAC898D1-D0DC-42AE-99F8-C8113EFEEB72}.Release|Any CPU.ActiveCfg = Release|Any CPU
		{FAC898D1-D0DC-42AE-99F8-C8113EFEEB72}.Release|Any CPU.Build.0 = Release|Any CPU
		{FAC898D1-D0DC-42AE-99F8-C8113EFEEB72}.Release|x64.ActiveCfg = Release|Any CPU
		{FAC898D1-D0DC-42AE-99F8-C8113EFEEB72}.Release|x64.Build.0 = Release|Any CPU
		{FAC898D1-D0DC-42AE-99F8-C8113EFEEB72}.Release|x86.ActiveCfg = Release|Any CPU
		{FAC898D1-D0DC-42AE-99F8-C8113EFEEB72}.Release|x86.Build.0 = Release|Any CPU
		{9DC51A6B-4D12-44F5-8CE9-51ECD69E2218}.Debug|Any CPU.ActiveCfg = Debug|Any CPU
		{9DC51A6B-4D12-44F5-8CE9-51ECD69E2218}.Debug|Any CPU.Build.0 = Debug|Any CPU
		{9DC51A6B-4D12-44F5-8CE9-51ECD69E2218}.Debug|x64.ActiveCfg = Debug|Any CPU
		{9DC51A6B-4D12-44F5-8CE9-51ECD69E2218}.Debug|x64.Build.0 = Debug|Any CPU
		{9DC51A6B-4D12-44F5-8CE9-51ECD69E2218}.Debug|x86.ActiveCfg = Debug|Any CPU
		{9DC51A6B-4D12-44F5-8CE9-51ECD69E2218}.Debug|x86.Build.0 = Debug|Any CPU
		{9DC51A6B-4D12-44F5-8CE9-51ECD69E2218}.Release|Any CPU.ActiveCfg = Release|Any CPU
		{9DC51A6B-4D12-44F5-8CE9-51ECD69E2218}.Release|Any CPU.Build.0 = Release|Any CPU
		{9DC51A6B-4D12-44F5-8CE9-51ECD69E2218}.Release|x64.ActiveCfg = Release|Any CPU
		{9DC51A6B-4D12-44F5-8CE9-51ECD69E2218}.Release|x64.Build.0 = Release|Any CPU
		{9DC51A6B-4D12-44F5-8CE9-51ECD69E2218}.Release|x86.ActiveCfg = Release|Any CPU
		{9DC51A6B-4D12-44F5-8CE9-51ECD69E2218}.Release|x86.Build.0 = Release|Any CPU
	EndGlobalSection
	GlobalSection(SolutionProperties) = preSolution
		HideSolutionNode = FALSE
	EndGlobalSection
EndGlobal
