
Microsoft Visual Studio Solution File, Format Version 12.00
# Visual Studio Version 17
VisualStudioVersion = 17.0.31903.59
MinimumVisualStudioVersion = 10.0.40219.1
Project("{FAE04EC0-301F-11D3-BF4B-00C04F79EFBC}") = "Fixture.SpecFlow", "SpecFlow\Fixture.SpecFlow.csproj", "{6BFFC93C-73A3-4DE9-84E3-6ACE188D4934}"
EndProject
Project("{FAE04EC0-301F-11D3-BF4B-00C04F79EFBC}") = "Fixture.Reqnroll", "Reqnroll\Fixture.Reqnroll.csproj", "{30EE4822-3942-4406-8607-AF200DACFFA5}"
EndProject
Global
	GlobalSection(SolutionConfigurationPlatforms) = preSolution
		Debug|Any CPU = Debug|Any CPU
		Release|Any CPU = Release|Any CPU
	EndGlobalSection
	GlobalSection(SolutionProperties) = preSolution
		HideSolutionNode = FALSE
	EndGlobalSection
	GlobalSection(ProjectConfigurationPlatforms) = postSolution
		{6BFFC93C-73A3-4DE9-84E3-6ACE188D4934}.Debug|Any CPU.ActiveCfg = Debug|Any CPU
		{6BFFC93C-73A3-4DE9-84E3-6ACE188D4934}.Debug|Any CPU.Build.0 = Debug|Any CPU
		{6BFFC93C-73A3-4DE9-84E3-6ACE188D4934}.Release|Any CPU.ActiveCfg = Release|Any CPU
		{6BFFC93C-73A3-4DE9-84E3-6ACE188D4934}.Release|Any CPU.Build.0 = Release|Any CPU
		{30EE4822-3942-4406-8607-AF200DACFFA5}.Debug|Any CPU.ActiveCfg = Debug|Any CPU
		{30EE4822-3942-4406-8607-AF200DACFFA5}.Debug|Any CPU.Build.0 = Debug|Any CPU
		{30EE4822-3942-4406-8607-AF200DACFFA5}.Release|Any CPU.ActiveCfg = Release|Any CPU
		{30EE4822-3942-4406-8607-AF200DACFFA5}.Release|Any CPU.Build.0 = Release|Any CPU
	EndGlobalSection
EndGlobal
